// !$*UTF8*$!
{
	archiveVersion = 1;
	classes = {
	};
	objectVersion = 50;
	objects = {

/* Begin PBXAggregateTarget section */
		E1E7C6FE2385C5FA00F37E3E /* Install */ = {
			isa = PBXAggregateTarget;
			buildConfigurationList = E1E7C7002385C5FA00F37E3E /* Build configuration list for PBXAggregateTarget "Install" */;
			buildPhases = (
				E1E7C7122385CA8500F37E3E /* CopyFiles */,
			);
			dependencies = (
				E1E7C7052385C61F00F37E3E /* PBXTargetDependency */,
			);
			name = Install;
			productName = Install;
		};
		E1E7C7012385C60500F37E3E /* Everything */ = {
			isa = PBXAggregateTarget;
			buildConfigurationList = E1E7C7022385C60500F37E3E /* Build configuration list for PBXAggregateTarget "Everything" */;
			buildPhases = (
			);
			dependencies = (
				E1E7C7072385C62200F37E3E /* PBXTargetDependency */,
			);
			name = Everything;
			productName = Everything;
		};
/* End PBXAggregateTarget section */

/* Begin PBXBuildFile section */
		E11E886027ED0385002EF5CC /* LabJackLJMCounterChannel.cpp in Sources */ = {isa = PBXBuildFile; fileRef = E11E885E27ED0385002EF5CC /* LabJackLJMCounterChannel.cpp */; };
		E11E886327F20514002EF5CC /* LabJackLJMQuadratureChannel.cpp in Sources */ = {isa = PBXBuildFile; fileRef = E11E886127F20514002EF5CC /* LabJackLJMQuadratureChannel.cpp */; };
		E13416B0239AB93E000985A9 /* LabJackLJMDigitalChannel.cpp in Sources */ = {isa = PBXBuildFile; fileRef = E13416AE239AB93E000985A9 /* LabJackLJMDigitalChannel.cpp */; };
		E17F1ECA27FB456D00F4778F /* MWComponents.yaml in Resources */ = {isa = PBXBuildFile; fileRef = E17F1EC927FB456D00F4778F /* MWComponents.yaml */; };
		E183D44223887216008CB164 /* LabJackLJMChannel.cpp in Sources */ = {isa = PBXBuildFile; fileRef = E183D44023887216008CB164 /* LabJackLJMChannel.cpp */; };
		E186882C238D7E8200B1C658 /* LabJackLJMUtilities.cpp in Sources */ = {isa = PBXBuildFile; fileRef = E186882A238D7E8200B1C658 /* LabJackLJMUtilities.cpp */; };
		E1903919243FB279004AF096 /* LabJackLJMDeviceInfo.cpp in Sources */ = {isa = PBXBuildFile; fileRef = E1903917243FB279004AF096 /* LabJackLJMDeviceInfo.cpp */; };
		E1E7C6FD2385C5AE00F37E3E /* LabJackLJMPlugin.cpp in Sources */ = {isa = PBXBuildFile; fileRef = E1E7C6FC2385C5AE00F37E3E /* LabJackLJMPlugin.cpp */; };
		E1E7C70F2385C94500F37E3E /* MWorksCore.framework in Frameworks */ = {isa = PBXBuildFile; fileRef = E1E7C70E2385C94500F37E3E /* MWorksCore.framework */; };
		E1E7C7112385C99500F37E3E /* libLabJackM.dylib in Frameworks */ = {isa = PBXBuildFile; fileRef = E1E7C7102385C99500F37E3E /* libLabJackM.dylib */; };
		E1E7C7132385CA8E00F37E3E /* LabJackLJM.bundle in CopyFiles */ = {isa = PBXBuildFile; fileRef = E1E7C6F32385C42F00F37E3E /* LabJackLJM.bundle */; };
		E1E7C7172385CEE300F37E3E /* LabJackLJMDevice.cpp in Sources */ = {isa = PBXBuildFile; fileRef = E1E7C7152385CEE300F37E3E /* LabJackLJMDevice.cpp */; };
		E1EB3B4C27E373EC008EDABF /* LabJackLJMAnalogChannel.cpp in Sources */ = {isa = PBXBuildFile; fileRef = E1EB3B4A27E373EC008EDABF /* LabJackLJMAnalogChannel.cpp */; };
/* End PBXBuildFile section */

/* Begin PBXContainerItemProxy section */
		E1E7C7042385C61F00F37E3E /* PBXContainerItemProxy */ = {
			isa = PBXContainerItemProxy;
			containerPortal = E1E7C6EB2385C42F00F37E3E /* Project object */;
			proxyType = 1;
			remoteGlobalIDString = E1E7C6F22385C42F00F37E3E;
			remoteInfo = LabJackLJM;
		};
		E1E7C7062385C62200F37E3E /* PBXContainerItemProxy */ = {
			isa = PBXContainerItemProxy;
			containerPortal = E1E7C6EB2385C42F00F37E3E /* Project object */;
			proxyType = 1;
			remoteGlobalIDString = E1E7C6FE2385C5FA00F37E3E;
			remoteInfo = Install;
		};
/* End PBXContainerItemProxy section */

/* Begin PBXCopyFilesBuildPhase section */
		E1E7C7122385CA8500F37E3E /* CopyFiles */ = {
			isa = PBXCopyFilesBuildPhase;
			buildActionMask = 2147483647;
			dstPath = "$(MW_PLUGINS_DIR)";
			dstSubfolderSpec = 0;
			files = (
				E1E7C7132385CA8E00F37E3E /* LabJackLJM.bundle in CopyFiles */,
			);
			runOnlyForDeploymentPostprocessing = 0;
		};
/* End PBXCopyFilesBuildPhase section */

/* Begin PBXFileReference section */
		E11E885E27ED0385002EF5CC /* LabJackLJMCounterChannel.cpp */ = {isa = PBXFileReference; lastKnownFileType = sourcecode.cpp.cpp; path = LabJackLJMCounterChannel.cpp; sourceTree = "<group>"; };
		E11E885F27ED0385002EF5CC /* LabJackLJMCounterChannel.hpp */ = {isa = PBXFileReference; lastKnownFileType = sourcecode.cpp.h; path = LabJackLJMCounterChannel.hpp; sourceTree = "<group>"; };
		E11E886127F20514002EF5CC /* LabJackLJMQuadratureChannel.cpp */ = {isa = PBXFileReference; lastKnownFileType = sourcecode.cpp.cpp; path = LabJackLJMQuadratureChannel.cpp; sourceTree = "<group>"; };
		E11E886227F20514002EF5CC /* LabJackLJMQuadratureChannel.hpp */ = {isa = PBXFileReference; lastKnownFileType = sourcecode.cpp.h; path = LabJackLJMQuadratureChannel.hpp; sourceTree = "<group>"; };
		E13416AE239AB93E000985A9 /* LabJackLJMDigitalChannel.cpp */ = {isa = PBXFileReference; lastKnownFileType = sourcecode.cpp.cpp; path = LabJackLJMDigitalChannel.cpp; sourceTree = "<group>"; };
		E13416AF239AB93E000985A9 /* LabJackLJMDigitalChannel.hpp */ = {isa = PBXFileReference; lastKnownFileType = sourcecode.cpp.h; path = LabJackLJMDigitalChannel.hpp; sourceTree = "<group>"; };
		E17F1EC927FB456D00F4778F /* MWComponents.yaml */ = {isa = PBXFileReference; fileEncoding = 4; lastKnownFileType = text.yaml; path = MWComponents.yaml; sourceTree = "<group>"; };
		E183D44023887216008CB164 /* LabJackLJMChannel.cpp */ = {isa = PBXFileReference; lastKnownFileType = sourcecode.cpp.cpp; path = LabJackLJMChannel.cpp; sourceTree = "<group>"; };
		E183D44123887216008CB164 /* LabJackLJMChannel.hpp */ = {isa = PBXFileReference; lastKnownFileType = sourcecode.cpp.h; path = LabJackLJMChannel.hpp; sourceTree = "<group>"; };
		E186882A238D7E8200B1C658 /* LabJackLJMUtilities.cpp */ = {isa = PBXFileReference; lastKnownFileType = sourcecode.cpp.cpp; path = LabJackLJMUtilities.cpp; sourceTree = "<group>"; };
		E186882B238D7E8200B1C658 /* LabJackLJMUtilities.hpp */ = {isa = PBXFileReference; lastKnownFileType = sourcecode.cpp.h; path = LabJackLJMUtilities.hpp; sourceTree = "<group>"; };
		E1903917243FB279004AF096 /* LabJackLJMDeviceInfo.cpp */ = {isa = PBXFileReference; lastKnownFileType = sourcecode.cpp.cpp; path = LabJackLJMDeviceInfo.cpp; sourceTree = "<group>"; };
		E1903918243FB279004AF096 /* LabJackLJMDeviceInfo.hpp */ = {isa = PBXFileReference; lastKnownFileType = sourcecode.cpp.h; path = LabJackLJMDeviceInfo.hpp; sourceTree = "<group>"; };
		E1E7C6F32385C42F00F37E3E /* LabJackLJM.bundle */ = {isa = PBXFileReference; explicitFileType = wrapper.cfbundle; includeInIndex = 0; path = LabJackLJM.bundle; sourceTree = BUILT_PRODUCTS_DIR; };
		E1E7C6F62385C42F00F37E3E /* Info.plist */ = {isa = PBXFileReference; lastKnownFileType = text.plist.xml; path = Info.plist; sourceTree = "<group>"; };
		E1E7C6FC2385C5AE00F37E3E /* LabJackLJMPlugin.cpp */ = {isa = PBXFileReference; lastKnownFileType = sourcecode.cpp.cpp; path = LabJackLJMPlugin.cpp; sourceTree = "<group>"; };
		E1E7C7092385C67000F37E3E /* macOS.xcconfig */ = {isa = PBXFileReference; lastKnownFileType = text.xcconfig; path = macOS.xcconfig; sourceTree = "<group>"; };
		E1E7C70A2385C67000F37E3E /* macOS_Plugin.xcconfig */ = {isa = PBXFileReference; lastKnownFileType = text.xcconfig; path = macOS_Plugin.xcconfig; sourceTree = "<group>"; };
		E1E7C70C2385C86800F37E3E /* LabJackLJM-Prefix.pch */ = {isa = PBXFileReference; lastKnownFileType = sourcecode.c.h; path = "LabJackLJM-Prefix.pch"; sourceTree = "<group>"; };
		E1E7C70E2385C94500F37E3E /* MWorksCore.framework */ = {isa = PBXFileReference; lastKnownFileType = wrapper.framework; name = MWorksCore.framework; path = /Library/Frameworks/MWorksCore.framework; sourceTree = "<absolute>"; };
		E1E7C7102385C99500F37E3E /* libLabJackM.dylib */ = {isa = PBXFileReference; lastKnownFileType = "compiled.mach-o.dylib"; name = libLabJackM.dylib; path = /usr/local/lib/libLabJackM.dylib; sourceTree = "<absolute>"; };
		E1E7C7152385CEE300F37E3E /* LabJackLJMDevice.cpp */ = {isa = PBXFileReference; lastKnownFileType = sourcecode.cpp.cpp; path = LabJackLJMDevice.cpp; sourceTree = "<group>"; };
		E1E7C7162385CEE300F37E3E /* LabJackLJMDevice.hpp */ = {isa = PBXFileReference; lastKnownFileType = sourcecode.cpp.h; path = LabJackLJMDevice.hpp; sourceTree = "<group>"; };
		E1EB3B4A27E373EC008EDABF /* LabJackLJMAnalogChannel.cpp */ = {isa = PBXFileReference; lastKnownFileType = sourcecode.cpp.cpp; path = LabJackLJMAnalogChannel.cpp; sourceTree = "<group>"; };
		E1EB3B4B27E373EC008EDABF /* LabJackLJMAnalogChannel.hpp */ = {isa = PBXFileReference; lastKnownFileType = sourcecode.cpp.h; path = LabJackLJMAnalogChannel.hpp; sourceTree = "<group>"; };
/* End PBXFileReference section */

/* Begin PBXFrameworksBuildPhase section */
		E1E7C6F02385C42F00F37E3E /* Frameworks */ = {
			isa = PBXFrameworksBuildPhase;
			buildActionMask = 2147483647;
			files = (
				E1E7C70F2385C94500F37E3E /* MWorksCore.framework in Frameworks */,
				E1E7C7112385C99500F37E3E /* libLabJackM.dylib in Frameworks */,
			);
			runOnlyForDeploymentPostprocessing = 0;
		};
/* End PBXFrameworksBuildPhase section */

/* Begin PBXGroup section */
		E183D43F238871EA008CB164 /* Channels */ = {
			isa = PBXGroup;
			children = (
				E183D44123887216008CB164 /* LabJackLJMChannel.hpp */,
				E183D44023887216008CB164 /* LabJackLJMChannel.cpp */,
				E1EB3B4B27E373EC008EDABF /* LabJackLJMAnalogChannel.hpp */,
				E1EB3B4A27E373EC008EDABF /* LabJackLJMAnalogChannel.cpp */,
				E13416AF239AB93E000985A9 /* LabJackLJMDigitalChannel.hpp */,
				E13416AE239AB93E000985A9 /* LabJackLJMDigitalChannel.cpp */,
				E11E885F27ED0385002EF5CC /* LabJackLJMCounterChannel.hpp */,
				E11E885E27ED0385002EF5CC /* LabJackLJMCounterChannel.cpp */,
				E11E886227F20514002EF5CC /* LabJackLJMQuadratureChannel.hpp */,
				E11E886127F20514002EF5CC /* LabJackLJMQuadratureChannel.cpp */,
			);
			path = Channels;
			sourceTree = "<group>";
		};
		E1E7C6EA2385C42F00F37E3E = {
			isa = PBXGroup;
			children = (
				E1E7C7082385C63F00F37E3E /* External Config */,
				E1E7C6F52385C42F00F37E3E /* LabJackLJM */,
				E1E7C70D2385C94500F37E3E /* Frameworks */,
				E1E7C6F42385C42F00F37E3E /* Products */,
			);
			sourceTree = "<group>";
		};
		E1E7C6F42385C42F00F37E3E /* Products */ = {
			isa = PBXGroup;
			children = (
				E1E7C6F32385C42F00F37E3E /* LabJackLJM.bundle */,
			);
			name = Products;
			sourceTree = "<group>";
		};
		E1E7C6F52385C42F00F37E3E /* LabJackLJM */ = {
			isa = PBXGroup;
			children = (
				E186882B238D7E8200B1C658 /* LabJackLJMUtilities.hpp */,
				E186882A238D7E8200B1C658 /* LabJackLJMUtilities.cpp */,
				E183D43F238871EA008CB164 /* Channels */,
				E1903918243FB279004AF096 /* LabJackLJMDeviceInfo.hpp */,
				E1903917243FB279004AF096 /* LabJackLJMDeviceInfo.cpp */,
				E1E7C7162385CEE300F37E3E /* LabJackLJMDevice.hpp */,
				E1E7C7152385CEE300F37E3E /* LabJackLJMDevice.cpp */,
				E1E7C6FC2385C5AE00F37E3E /* LabJackLJMPlugin.cpp */,
				E1E7C70B2385C83900F37E3E /* Supporting Files */,
			);
			path = LabJackLJM;
			sourceTree = "<group>";
		};
		E1E7C7082385C63F00F37E3E /* External Config */ = {
			isa = PBXGroup;
			children = (
				E1E7C7092385C67000F37E3E /* macOS.xcconfig */,
				E1E7C70A2385C67000F37E3E /* macOS_Plugin.xcconfig */,
			);
			name = "External Config";
			path = "/Library/Application Support/MWorks/Developer/Xcode";
			sourceTree = "<absolute>";
		};
		E1E7C70B2385C83900F37E3E /* Supporting Files */ = {
			isa = PBXGroup;
			children = (
				E1E7C6F62385C42F00F37E3E /* Info.plist */,
				E1E7C70C2385C86800F37E3E /* LabJackLJM-Prefix.pch */,
				E17F1EC927FB456D00F4778F /* MWComponents.yaml */,
			);
			name = "Supporting Files";
			sourceTree = "<group>";
		};
		E1E7C70D2385C94500F37E3E /* Frameworks */ = {
			isa = PBXGroup;
			children = (
				E1E7C70E2385C94500F37E3E /* MWorksCore.framework */,
				E1E7C7102385C99500F37E3E /* libLabJackM.dylib */,
			);
			name = Frameworks;
			sourceTree = "<group>";
		};
/* End PBXGroup section */

/* Begin PBXNativeTarget section */
		E1E7C6F22385C42F00F37E3E /* LabJackLJM */ = {
			isa = PBXNativeTarget;
			buildConfigurationList = E1E7C6F92385C42F00F37E3E /* Build configuration list for PBXNativeTarget "LabJackLJM" */;
			buildPhases = (
				E1E7C6EF2385C42F00F37E3E /* Sources */,
				E1E7C6F02385C42F00F37E3E /* Frameworks */,
				E1E7C7142385CB3400F37E3E /* ShellScript */,
				E1E7C6F12385C42F00F37E3E /* Resources */,
			);
			buildRules = (
			);
			dependencies = (
			);
			name = LabJackLJM;
			productName = LabJackLJM;
			productReference = E1E7C6F32385C42F00F37E3E /* LabJackLJM.bundle */;
			productType = "com.apple.product-type.bundle";
		};
/* End PBXNativeTarget section */

/* Begin PBXProject section */
		E1E7C6EB2385C42F00F37E3E /* Project object */ = {
			isa = PBXProject;
			attributes = {
				LastUpgradeCheck = 1120;
				ORGANIZATIONNAME = "The MWorks Project";
				TargetAttributes = {
					E1E7C6F22385C42F00F37E3E = {
						CreatedOnToolsVersion = 11.2.1;
					};
					E1E7C6FE2385C5FA00F37E3E = {
						CreatedOnToolsVersion = 11.2.1;
					};
					E1E7C7012385C60500F37E3E = {
						CreatedOnToolsVersion = 11.2.1;
					};
				};
			};
			buildConfigurationList = E1E7C6EE2385C42F00F37E3E /* Build configuration list for PBXProject "LabJackLJM" */;
			compatibilityVersion = "Xcode 9.3";
			developmentRegion = en;
			hasScannedForEncodings = 0;
			knownRegions = (
				en,
				Base,
			);
			mainGroup = E1E7C6EA2385C42F00F37E3E;
			productRefGroup = E1E7C6F42385C42F00F37E3E /* Products */;
			projectDirPath = "";
			projectRoot = "";
			targets = (
				E1E7C6F22385C42F00F37E3E /* LabJackLJM */,
				E1E7C6FE2385C5FA00F37E3E /* Install */,
				E1E7C7012385C60500F37E3E /* Everything */,
			);
		};
/* End PBXProject section */

/* Begin PBXResourcesBuildPhase section */
		E1E7C6F12385C42F00F37E3E /* Resources */ = {
			isa = PBXResourcesBuildPhase;
			buildActionMask = 2147483647;
			files = (
				E17F1ECA27FB456D00F4778F /* MWComponents.yaml in Resources */,
			);
			runOnlyForDeploymentPostprocessing = 0;
		};
/* End PBXResourcesBuildPhase section */

/* Begin PBXShellScriptBuildPhase section */
		E1E7C7142385CB3400F37E3E /* ShellScript */ = {
			isa = PBXShellScriptBuildPhase;
			buildActionMask = 2147483647;
			files = (
			);
			inputFileListPaths = (
			);
			inputPaths = (
			);
			outputFileListPaths = (
			);
			outputPaths = (
			);
			runOnlyForDeploymentPostprocessing = 0;
			shellPath = /bin/zsh;
			shellScript = "liblabjackm_path=/usr/local/lib/libLabJackM.dylib\n\n/usr/bin/xcrun install_name_tool \\\n  -change \\\n  \"$(/usr/bin/xcrun otool -DX $liblabjackm_path)\" \\\n  \"$liblabjackm_path\" \\\n  \"${BUILT_PRODUCTS_DIR}/${EXECUTABLE_PATH}\"\n";
			showEnvVarsInLog = 0;
		};
/* End PBXShellScriptBuildPhase section */

/* Begin PBXSourcesBuildPhase section */
		E1E7C6EF2385C42F00F37E3E /* Sources */ = {
			isa = PBXSourcesBuildPhase;
			buildActionMask = 2147483647;
			files = (
				E1903919243FB279004AF096 /* LabJackLJMDeviceInfo.cpp in Sources */,
				E11E886327F20514002EF5CC /* LabJackLJMQuadratureChannel.cpp in Sources */,
				E11E886027ED0385002EF5CC /* LabJackLJMCounterChannel.cpp in Sources */,
				E1E7C7172385CEE300F37E3E /* LabJackLJMDevice.cpp in Sources */,
				E1E7C6FD2385C5AE00F37E3E /* LabJackLJMPlugin.cpp in Sources */,
				E183D44223887216008CB164 /* LabJackLJMChannel.cpp in Sources */,
				E13416B0239AB93E000985A9 /* LabJackLJMDigitalChannel.cpp in Sources */,
				E186882C238D7E8200B1C658 /* LabJackLJMUtilities.cpp in Sources */,
				E1EB3B4C27E373EC008EDABF /* LabJackLJMAnalogChannel.cpp in Sources */,
			);
			runOnlyForDeploymentPostprocessing = 0;
		};
/* End PBXSourcesBuildPhase section */

/* Begin PBXTargetDependency section */
		E1E7C7052385C61F00F37E3E /* PBXTargetDependency */ = {
			isa = PBXTargetDependency;
			target = E1E7C6F22385C42F00F37E3E /* LabJackLJM */;
			targetProxy = E1E7C7042385C61F00F37E3E /* PBXContainerItemProxy */;
		};
		E1E7C7072385C62200F37E3E /* PBXTargetDependency */ = {
			isa = PBXTargetDependency;
			target = E1E7C6FE2385C5FA00F37E3E /* Install */;
			targetProxy = E1E7C7062385C62200F37E3E /* PBXContainerItemProxy */;
		};
/* End PBXTargetDependency section */

/* Begin XCBuildConfiguration section */
		E1E7C6F72385C42F00F37E3E /* Development */ = {
			isa = XCBuildConfiguration;
			buildSettings = {
			};
			name = Development;
		};
		E1E7C6FA2385C42F00F37E3E /* Development */ = {
			isa = XCBuildConfiguration;
			baseConfigurationReference = E1E7C70A2385C67000F37E3E /* macOS_Plugin.xcconfig */;
			buildSettings = {
				ARCHS = x86_64;
				GCC_PRECOMPILE_PREFIX_HEADER = YES;
				GCC_PREFIX_HEADER = "LabJackLJM/LabJackLJM-Prefix.pch";
				HEADER_SEARCH_PATHS = (
					"$(inherited)",
					/usr/local/include,
				);
				INFOPLIST_FILE = LabJackLJM/Info.plist;
				LIBRARY_SEARCH_PATHS = (
					"$(inherited)",
					/usr/local/lib,
				);
				OTHER_LDFLAGS = (
					"$(inherited)",
					"-headerpad_max_install_names",
				);
				PRODUCT_BUNDLE_IDENTIFIER = "org.mworks-project.LabJackLJM";
				PRODUCT_NAME = "$(TARGET_NAME)";
			};
			name = Development;
		};
		E1E7C6FF2385C5FA00F37E3E /* Development */ = {
			isa = XCBuildConfiguration;
			baseConfigurationReference = E1E7C7092385C67000F37E3E /* macOS.xcconfig */;
			buildSettings = {
				PRODUCT_NAME = "$(TARGET_NAME)";
			};
			name = Development;
		};
		E1E7C7032385C60500F37E3E /* Development */ = {
			isa = XCBuildConfiguration;
			baseConfigurationReference = E1E7C7092385C67000F37E3E /* macOS.xcconfig */;
			buildSettings = {
				PRODUCT_NAME = "$(TARGET_NAME)";
			};
			name = Development;
		};
/* End XCBuildConfiguration section */

/* Begin XCConfigurationList section */
		E1E7C6EE2385C42F00F37E3E /* Build configuration list for PBXProject "LabJackLJM" */ = {
			isa = XCConfigurationList;
			buildConfigurations = (
				E1E7C6F72385C42F00F37E3E /* Development */,
			);
			defaultConfigurationIsVisible = 0;
			defaultConfigurationName = Development;
		};
		E1E7C6F92385C42F00F37E3E /* Build configuration list for PBXNativeTarget "LabJackLJM" */ = {
			isa = XCConfigurationList;
			buildConfigurations = (
				E1E7C6FA2385C42F00F37E3E /* Development */,
			);
			defaultConfigurationIsVisible = 0;
			defaultConfigurationName = Development;
		};
		E1E7C7002385C5FA00F37E3E /* Build configuration list for PBXAggregateTarget "Install" */ = {
			isa = XCConfigurationList;
			buildConfigurations = (
				E1E7C6FF2385C5FA00F37E3E /* Development */,
			);
			defaultConfigurationIsVisible = 0;
			defaultConfigurationName = Development;
		};
		E1E7C7022385C60500F37E3E /* Build configuration list for PBXAggregateTarget "Everything" */ = {
			isa = XCConfigurationList;
			buildConfigurations = (
				E1E7C7032385C60500F37E3E /* Development */,
			);
			defaultConfigurationIsVisible = 0;
			defaultConfigurationName = Development;
		};
/* End XCConfigurationList section */
	};
	rootObject = E1E7C6EB2385C42F00F37E3E /* Project object */;
}
